{
  "name": "petfinder",
  "version": "1.0.0",
  "lockfileVersion": 2,
  "requires": true,
  "packages": {
    "": {
      "name": "petfinder",
      "version": "1.0.0",
      "license": "ISC",
      "dependencies": {
        "fetch-jsonp": "^1.2.1"
      }
    },
    "node_modules/fetch-jsonp": {
      "version": "1.2.1",
      "resolved": "https://registry.npmjs.org/fetch-jsonp/-/fetch-jsonp-1.2.1.tgz",
      "integrity": "sha512-5UwejksxssYwlwl/9OhEQU+OrVaxdChOQntpJO/GUw6NpfPS6fd08fPvbNOq0Ym6hxfLWD6cGN0Ln/V/hWcluw=="
    }
  },
  "dependencies": {
    "fetch-jsonp": {
      "version": "1.2.1",
      "resolved": "https://registry.npmjs.org/fetch-jsonp/-/fetch-jsonp-1.2.1.tgz",
      "integrity": "sha512-5UwejksxssYwlwl/9OhEQU+OrVaxdChOQntpJO/GUw6NpfPS6fd08fPvbNOq0Ym6hxfLWD6cGN0Ln/V/hWcluw=="
    }
  }
}
